// !$*UTF8*$!
{
	archiveVersion = 1;
	classes = {
	};
	objectVersion = 46;
	objects = {

/* Begin PBXBuildFile section */
		6341887216DBEDC4001F7FAA /* UIKit.framework in Frameworks */ = {isa = PBXBuildFile; fileRef = 6341887116DBEDC4001F7FAA /* UIKit.framework */; };
		6341887416DBEDC4001F7FAA /* Foundation.framework in Frameworks */ = {isa = PBXBuildFile; fileRef = 6341887316DBEDC4001F7FAA /* Foundation.framework */; };
		6341887616DBEDC4001F7FAA /* CoreGraphics.framework in Frameworks */ = {isa = PBXBuildFile; fileRef = 6341887516DBEDC4001F7FAA /* CoreGraphics.framework */; };
		6341887C16DBEDC4001F7FAA /* InfoPlist.strings in Resources */ = {isa = PBXBuildFile; fileRef = 6341887A16DBEDC4001F7FAA /* InfoPlist.strings */; };
		6341887E16DBEDC4001F7FAA /* main.m in Sources */ = {isa = PBXBuildFile; fileRef = 6341887D16DBEDC4001F7FAA /* main.m */; };
		6341888216DBEDC4001F7FAA /* AppDelegate.m in Sources */ = {isa = PBXBuildFile; fileRef = 6341888116DBEDC4001F7FAA /* AppDelegate.m */; };
		6341888416DBEDC4001F7FAA /* Default.png in Resources */ = {isa = PBXBuildFile; fileRef = 6341888316DBEDC4001F7FAA /* Default.png */; };
		6341888616DBEDC4001F7FAA /* Default@2x.png in Resources */ = {isa = PBXBuildFile; fileRef = 6341888516DBEDC4001F7FAA /* Default@2x.png */; };
		6341888816DBEDC4001F7FAA /* Default-568h@2x.png in Resources */ = {isa = PBXBuildFile; fileRef = 6341888716DBEDC4001F7FAA /* Default-568h@2x.png */; };
		6341889616DBEDFC001F7FAA /* SlideInController.m in Sources */ = {isa = PBXBuildFile; fileRef = 6341889516DBEDFC001F7FAA /* SlideInController.m */; };
		6341889916DBF24A001F7FAA /* LeftPaneTableViewController.m in Sources */ = {isa = PBXBuildFile; fileRef = 6341889816DBF24A001F7FAA /* LeftPaneTableViewController.m */; };
		6341889C16DBF365001F7FAA /* MainViewController.m in Sources */ = {isa = PBXBuildFile; fileRef = 6341889B16DBF365001F7FAA /* MainViewController.m */; };
		6341889E16DBF47E001F7FAA /* QuartzCore.framework in Frameworks */ = {isa = PBXBuildFile; fileRef = 6341889D16DBF47E001F7FAA /* QuartzCore.framework */; };
		634188A116DC031D001F7FAA /* ColorPalette.m in Sources */ = {isa = PBXBuildFile; fileRef = 634188A016DC031D001F7FAA /* ColorPalette.m */; };
		634188A416DC0BDB001F7FAA /* ColorPaletteCell.m in Sources */ = {isa = PBXBuildFile; fileRef = 634188A316DC0BDB001F7FAA /* ColorPaletteCell.m */; };
		63C1556716DD4EA700CDAA5A /* slideInButton@2x.png in Resources */ = {isa = PBXBuildFile; fileRef = 63C1556516DD4EA700CDAA5A /* slideInButton@2x.png */; };
		63C1556816DD4EA700CDAA5A /* slideInButton.png in Resources */ = {isa = PBXBuildFile; fileRef = 63C1556616DD4EA700CDAA5A /* slideInButton.png */; };
/* End PBXBuildFile section */

/* Begin PBXFileReference section */
		6341886E16DBEDC4001F7FAA /* AccessiblityDemo.app */ = {isa = PBXFileReference; explicitFileType = wrapper.application; includeInIndex = 0; path = AccessiblityDemo.app; sourceTree = BUILT_PRODUCTS_DIR; };
		6341887116DBEDC4001F7FAA /* UIKit.framework */ = {isa = PBXFileReference; lastKnownFileType = wrapper.framework; name = UIKit.framework; path = System/Library/Frameworks/UIKit.framework; sourceTree = SDKROOT; };
		6341887316DBEDC4001F7FAA /* Foundation.framework */ = {isa = PBXFileReference; lastKnownFileType = wrapper.framework; name = Foundation.framework; path = System/Library/Frameworks/Foundation.framework; sourceTree = SDKROOT; };
		6341887516DBEDC4001F7FAA /* CoreGraphics.framework */ = {isa = PBXFileReference; lastKnownFileType = wrapper.framework; name = CoreGraphics.framework; path = System/Library/Frameworks/CoreGraphics.framework; sourceTree = SDKROOT; };
		6341887916DBEDC4001F7FAA /* AccessiblityDemo-Info.plist */ = {isa = PBXFileReference; lastKnownFileType = text.plist.xml; path = "AccessiblityDemo-Info.plist"; sourceTree = "<group>"; };
		6341887B16DBEDC4001F7FAA /* en */ = {isa = PBXFileReference; lastKnownFileType = text.plist.strings; name = en; path = en.lproj/InfoPlist.strings; sourceTree = "<group>"; };
		6341887D16DBEDC4001F7FAA /* main.m */ = {isa = PBXFileReference; lastKnownFileType = sourcecode.c.objc; path = main.m; sourceTree = "<group>"; };
		6341887F16DBEDC4001F7FAA /* AccessiblityDemo-Prefix.pch */ = {isa = PBXFileReference; lastKnownFileType = sourcecode.c.h; path = "AccessiblityDemo-Prefix.pch"; sourceTree = "<group>"; };
		6341888016DBEDC4001F7FAA /* AppDelegate.h */ = {isa = PBXFileReference; lastKnownFileType = sourcecode.c.h; path = AppDelegate.h; sourceTree = "<group>"; };
		6341888116DBEDC4001F7FAA /* AppDelegate.m */ = {isa = PBXFileReference; lastKnownFileType = sourcecode.c.objc; path = AppDelegate.m; sourceTree = "<group>"; };
		6341888316DBEDC4001F7FAA /* Default.png */ = {isa = PBXFileReference; lastKnownFileType = image.png; path = Default.png; sourceTree = "<group>"; };
		6341888516DBEDC4001F7FAA /* Default@2x.png */ = {isa = PBXFileReference; lastKnownFileType = image.png; path = "Default@2x.png"; sourceTree = "<group>"; };
		6341888716DBEDC4001F7FAA /* Default-568h@2x.png */ = {isa = PBXFileReference; lastKnownFileType = image.png; path = "Default-568h@2x.png"; sourceTree = "<group>"; };
		6341889416DBEDFC001F7FAA /* SlideInController.h */ = {isa = PBXFileReference; fileEncoding = 4; lastKnownFileType = sourcecode.c.h; path = SlideInController.h; sourceTree = "<group>"; };
		6341889516DBEDFC001F7FAA /* SlideInController.m */ = {isa = PBXFileReference; fileEncoding = 4; lastKnownFileType = sourcecode.c.objc; path = SlideInController.m; sourceTree = "<group>"; };
		6341889716DBF24A001F7FAA /* LeftPaneTableViewController.h */ = {isa = PBXFileReference; fileEncoding = 4; lastKnownFileType = sourcecode.c.h; path = LeftPaneTableViewController.h; sourceTree = "<group>"; };
		6341889816DBF24A001F7FAA /* LeftPaneTableViewController.m */ = {isa = PBXFileReference; fileEncoding = 4; lastKnownFileType = sourcecode.c.objc; path = LeftPaneTableViewController.m; sourceTree = "<group>"; };
		6341889A16DBF365001F7FAA /* MainViewController.h */ = {isa = PBXFileReference; fileEncoding = 4; lastKnownFileType = sourcecode.c.h; path = MainViewController.h; sourceTree = "<group>"; };
		6341889B16DBF365001F7FAA /* MainViewController.m */ = {isa = PBXFileReference; fileEncoding = 4; lastKnownFileType = sourcecode.c.objc; path = MainViewController.m; sourceTree = "<group>"; };
		6341889D16DBF47E001F7FAA /* QuartzCore.framework */ = {isa = PBXFileReference; lastKnownFileType = wrapper.framework; name = QuartzCore.framework; path = System/Library/Frameworks/QuartzCore.framework; sourceTree = SDKROOT; };
		6341889F16DC031D001F7FAA /* ColorPalette.h */ = {isa = PBXFileReference; fileEncoding = 4; lastKnownFileType = sourcecode.c.h; path = ColorPalette.h; sourceTree = "<group>"; };
		634188A016DC031D001F7FAA /* ColorPalette.m */ = {isa = PBXFileReference; fileEncoding = 4; lastKnownFileType = sourcecode.c.objc; path = ColorPalette.m; sourceTree = "<group>"; };
		634188A216DC0BDB001F7FAA /* ColorPaletteCell.h */ = {isa = PBXFileReference; fileEncoding = 4; lastKnownFileType = sourcecode.c.h; path = ColorPaletteCell.h; sourceTree = "<group>"; };
		634188A316DC0BDB001F7FAA /* ColorPaletteCell.m */ = {isa = PBXFileReference; fileEncoding = 4; lastKnownFileType = sourcecode.c.objc; path = ColorPaletteCell.m; sourceTree = "<group>"; };
		63C1556516DD4EA700CDAA5A /* slideInButton@2x.png */ = {isa = PBXFileReference; lastKnownFileType = image.png; path = "slideInButton@2x.png"; sourceTree = "<group>"; };
		63C1556616DD4EA700CDAA5A /* slideInButton.png */ = {isa = PBXFileReference; lastKnownFileType = image.png; path = slideInButton.png; sourceTree = "<group>"; };
/* End PBXFileReference section */

/* Begin PBXFrameworksBuildPhase section */
		6341886B16DBEDC4001F7FAA /* Frameworks */ = {
			isa = PBXFrameworksBuildPhase;
			buildActionMask = 2147483647;
			files = (
				6341889E16DBF47E001F7FAA /* QuartzCore.framework in Frameworks */,
				6341887216DBEDC4001F7FAA /* UIKit.framework in Frameworks */,
				6341887416DBEDC4001F7FAA /* Foundation.framework in Frameworks */,
				6341887616DBEDC4001F7FAA /* CoreGraphics.framework in Frameworks */,
			);
			runOnlyForDeploymentPostprocessing = 0;
		};
/* End PBXFrameworksBuildPhase section */

/* Begin PBXGroup section */
		6341886516DBEDC4001F7FAA = {
			isa = PBXGroup;
			children = (
				6341889D16DBF47E001F7FAA /* QuartzCore.framework */,
				6341887716DBEDC4001F7FAA /* AccessiblityDemo */,
				63C1556416DD4E9600CDAA5A /* Resources */,
				6341887016DBEDC4001F7FAA /* Frameworks */,
				6341886F16DBEDC4001F7FAA /* Products */,
			);
			sourceTree = "<group>";
		};
		6341886F16DBEDC4001F7FAA /* Products */ = {
			isa = PBXGroup;
			children = (
				6341886E16DBEDC4001F7FAA /* AccessiblityDemo.app */,
			);
			name = Products;
			sourceTree = "<group>";
		};
		6341887016DBEDC4001F7FAA /* Frameworks */ = {
			isa = PBXGroup;
			children = (
				6341887116DBEDC4001F7FAA /* UIKit.framework */,
				6341887316DBEDC4001F7FAA /* Foundation.framework */,
				6341887516DBEDC4001F7FAA /* CoreGraphics.framework */,
			);
			name = Frameworks;
			sourceTree = "<group>";
		};
		6341887716DBEDC4001F7FAA /* AccessiblityDemo */ = {
			isa = PBXGroup;
			children = (
				6341888016DBEDC4001F7FAA /* AppDelegate.h */,
				6341888116DBEDC4001F7FAA /* AppDelegate.m */,
				6341889716DBF24A001F7FAA /* LeftPaneTableViewController.h */,
				6341889816DBF24A001F7FAA /* LeftPaneTableViewController.m */,
				634188A216DC0BDB001F7FAA /* ColorPaletteCell.h */,
				634188A316DC0BDB001F7FAA /* ColorPaletteCell.m */,
				6341889F16DC031D001F7FAA /* ColorPalette.h */,
				634188A016DC031D001F7FAA /* ColorPalette.m */,
				6341887816DBEDC4001F7FAA /* Supporting Files */,
			);
			path = AccessiblityDemo;
			sourceTree = "<group>";
		};
		6341887816DBEDC4001F7FAA /* Supporting Files */ = {
			isa = PBXGroup;
			children = (
				6341887916DBEDC4001F7FAA /* AccessiblityDemo-Info.plist */,
				6341887A16DBEDC4001F7FAA /* InfoPlist.strings */,
				6341887D16DBEDC4001F7FAA /* main.m */,
				6341887F16DBEDC4001F7FAA /* AccessiblityDemo-Prefix.pch */,
				6341888316DBEDC4001F7FAA /* Default.png */,
				6341888516DBEDC4001F7FAA /* Default@2x.png */,
				6341888716DBEDC4001F7FAA /* Default-568h@2x.png */,
			);
			name = "Supporting Files";
			sourceTree = "<group>";
		};
		63C1556416DD4E9600CDAA5A /* Resources */ = {
			isa = PBXGroup;
			children = (
				63C1556516DD4EA700CDAA5A /* slideInButton@2x.png */,
				63C1556616DD4EA700CDAA5A /* slideInButton.png */,
			);
			name = Resources;
			sourceTree = "<group>";
		};
/* End PBXGroup section */

/* Begin PBXNativeTarget section */
		6341886D16DBEDC4001F7FAA /* AccessiblityDemo */ = {
			isa = PBXNativeTarget;
			buildConfigurationList = 6341889116DBEDC4001F7FAA /* Build configuration list for PBXNativeTarget "AccessiblityDemo" */;
			buildPhases = (
				6341886A16DBEDC4001F7FAA /* Sources */,
				6341886B16DBEDC4001F7FAA /* Frameworks */,
				6341886C16DBEDC4001F7FAA /* Resources */,
			);
			buildRules = (
			);
			dependencies = (
			);
			name = AccessiblityDemo;
			productName = AccessiblityDemo;
			productReference = 6341886E16DBEDC4001F7FAA /* AccessiblityDemo.app */;
			productType = "com.apple.product-type.application";
		};
/* End PBXNativeTarget section */

/* Begin PBXProject section */
		6341886616DBEDC4001F7FAA /* Project object */ = {
			isa = PBXProject;
			attributes = {
				LastUpgradeCheck = 0460;
				ORGANIZATIONNAME = "David Rönnqvist";
			};
			buildConfigurationList = 6341886916DBEDC4001F7FAA /* Build configuration list for PBXProject "AccessiblityDemo" */;
			compatibilityVersion = "Xcode 3.2";
			developmentRegion = English;
			hasScannedForEncodings = 0;
			knownRegions = (
				en,
			);
			mainGroup = 6341886516DBEDC4001F7FAA;
			productRefGroup = 6341886F16DBEDC4001F7FAA /* Products */;
			projectDirPath = "";
			projectRoot = "";
			targets = (
				6341886D16DBEDC4001F7FAA /* AccessiblityDemo */,
			);
		};
/* End PBXProject section */

/* Begin PBXResourcesBuildPhase section */
		6341886C16DBEDC4001F7FAA /* Resources */ = {
			isa = PBXResourcesBuildPhase;
			buildActionMask = 2147483647;
			files = (
				6341887C16DBEDC4001F7FAA /* InfoPlist.strings in Resources */,
				6341888416DBEDC4001F7FAA /* Default.png in Resources */,
				6341888616DBEDC4001F7FAA /* Default@2x.png in Resources */,
				6341888816DBEDC4001F7FAA /* Default-568h@2x.png in Resources */,
				63C1556716DD4EA700CDAA5A /* slideInButton@2x.png in Resources */,
				63C1556816DD4EA700CDAA5A /* slideInButton.png in Resources */,
			);
			runOnlyForDeploymentPostprocessing = 0;
		};
/* End PBXResourcesBuildPhase section */

/* Begin PBXSourcesBuildPhase section */
		6341886A16DBEDC4001F7FAA /* Sources */ = {
			isa = PBXSourcesBuildPhase;
			buildActionMask = 2147483647;
			files = (
				6341887E16DBEDC4001F7FAA /* main.m in Sources */,
				6341888216DBEDC4001F7FAA /* AppDelegate.m in Sources */,
				6341889916DBF24A001F7FAA /* LeftPaneTableViewController.m in Sources */,
				634188A116DC031D001F7FAA /* ColorPalette.m in Sources */,
				634188A416DC0BDB001F7FAA /* ColorPaletteCell.m in Sources */,
			);
			runOnlyForDeploymentPostprocessing = 0;
		};
/* End PBXSourcesBuildPhase section */

/* Begin PBXVariantGroup section */
		6341887A16DBEDC4001F7FAA /* InfoPlist.strings */ = {
			isa = PBXVariantGroup;
			children = (
				6341887B16DBEDC4001F7FAA /* en */,
			);
			name = InfoPlist.strings;
			sourceTree = "<group>";
		};
/* End PBXVariantGroup section */

/* Begin XCBuildConfiguration section */
		6341888F16DBEDC4001F7FAA /* Debug */ = {
			isa = XCBuildConfiguration;
			buildSettings = {
				ALWAYS_SEARCH_USER_PATHS = NO;
				CLANG_CXX_LANGUAGE_STANDARD = "gnu++0x";
				CLANG_CXX_LIBRARY = "libc++";
				CLANG_ENABLE_OBJC_ARC = YES;
				CLANG_WARN_CONSTANT_CONVERSION = YES;
				CLANG_WARN_EMPTY_BODY = YES;
				CLANG_WARN_ENUM_CONVERSION = YES;
				CLANG_WARN_INT_CONVERSION = YES;
				CLANG_WARN__DUPLICATE_METHOD_MATCH = YES;
				"CODE_SIGN_IDENTITY[sdk=iphoneos*]" = "iPhone Developer";
				COPY_PHASE_STRIP = NO;
				GCC_C_LANGUAGE_STANDARD = gnu99;
				GCC_DYNAMIC_NO_PIC = NO;
				GCC_OPTIMIZATION_LEVEL = 0;
				GCC_PREPROCESSOR_DEFINITIONS = (
					"DEBUG=1",
					"$(inherited)",
				);
				GCC_SYMBOLS_PRIVATE_EXTERN = NO;
				GCC_WARN_ABOUT_RETURN_TYPE = YES;
				GCC_WARN_UNINITIALIZED_AUTOS = YES;
				GCC_WARN_UNUSED_VARIABLE = YES;
				IPHONEOS_DEPLOYMENT_TARGET = 6.1;
				ONLY_ACTIVE_ARCH = YES;
				SDKROOT = iphoneos;
				TARGETED_DEVICE_FAMILY = 2;
			};
			name = Debug;
		};
		6341889016DBEDC4001F7FAA /* Release */ = {
			isa = XCBuildConfiguration;
			buildSettings = {
				ALWAYS_SEARCH_USER_PATHS = NO;
				CLANG_CXX_LANGUAGE_STANDARD = "gnu++0x";
				CLANG_CXX_LIBRARY = "libc++";
				CLANG_ENABLE_OBJC_ARC = YES;
				CLANG_WARN_CONSTANT_CONVERSION = YES;
				CLANG_WARN_EMPTY_BODY = YES;
				CLANG_WARN_ENUM_CONVERSION = YES;
				CLANG_WARN_INT_CONVERSION = YES;
				CLANG_WARN__DUPLICATE_METHOD_MATCH = YES;
				"CODE_SIGN_IDENTITY[sdk=iphoneos*]" = "iPhone Developer";
				COPY_PHASE_STRIP = YES;
				GCC_C_LANGUAGE_STANDARD = gnu99;
				GCC_WARN_ABOUT_RETURN_TYPE = YES;
				GCC_WARN_UNINITIALIZED_AUTOS = YES;
				GCC_WARN_UNUSED_VARIABLE = YES;
				IPHONEOS_DEPLOYMENT_TARGET = 6.1;
				OTHER_CFLAGS = "-DNS_BLOCK_ASSERTIONS=1";
				SDKROOT = iphoneos;
				TARGETED_DEVICE_FAMILY = 2;
				VALIDATE_PRODUCT = YES;
			};
			name = Release;
		};
		6341889216DBEDC4001F7FAA /* Debug */ = {
			isa = XCBuildConfiguration;
			buildSettings = {
				GCC_PRECOMPILE_PREFIX_HEADER = YES;
				GCC_PREFIX_HEADER = "AccessiblityDemo/AccessiblityDemo-Prefix.pch";
				INFOPLIST_FILE = "AccessiblityDemo/AccessiblityDemo-Info.plist";
				PRODUCT_NAME = "$(TARGET_NAME)";
				WRAPPER_EXTENSION = app;
			};
			name = Debug;
		};
		6341889316DBEDC4001F7FAA /* Release */ = {
			isa = XCBuildConfiguration;
			buildSettings = {
				GCC_PRECOMPILE_PREFIX_HEADER = YES;
				GCC_PREFIX_HEADER = "AccessiblityDemo/AccessiblityDemo-Prefix.pch";
				INFOPLIST_FILE = "AccessiblityDemo/AccessiblityDemo-Info.plist";
				PRODUCT_NAME = "$(TARGET_NAME)";
				WRAPPER_EXTENSION = app;
			};
			name = Release;
		};
/* End XCBuildConfiguration section */

/* Begin XCConfigurationList section */
		6341886916DBEDC4001F7FAA /* Build configuration list for PBXProject "AccessiblityDemo" */ = {
			isa = XCConfigurationList;
			buildConfigurations = (
				6341888F16DBEDC4001F7FAA /* Debug */,
				6341889016DBEDC4001F7FAA /* Release */,
			);
			defaultConfigurationIsVisible = 0;
			defaultConfigurationName = Release;
		};
		6341889116DBEDC4001F7FAA /* Build configuration list for PBXNativeTarget "AccessiblityDemo" */ = {
			isa = XCConfigurationList;
			buildConfigurations = (
				6341889216DBEDC4001F7FAA /* Debug */,
				6341889316DBEDC4001F7FAA /* Release */,
			);
			defaultConfigurationIsVisible = 0;
		};
/* End XCConfigurationList section */
	};
	rootObject = 6341886616DBEDC4001F7FAA /* Project object */;
}
